
Microsoft Visual Studio Solution File, Format Version 12.00
Project("{FAE04EC0-301F-11D3-BF4B-00C04F79EFBC}") = "WHYBot.Database", "WHYBot.Database\WHYBot.Database.csproj", "{BB5C3AA0-423A-40D1-A8E1-A23BFC6C3D25}"
EndProject
Project("{FAE04EC0-301F-11D3-BF4B-00C04F79EFBC}") = "WHYBot.AppHost", "WHYBot.AppHost\WHYBot.AppHost.csproj", "{50279828-DAB0-4144-B99C-CDE5D73D446B}"
EndProject
Project("{FAE04EC0-301F-11D3-BF4B-00C04F79EFBC}") = "WHYBot.ServiceDefaults", "WHYBot.ServiceDefaults\WHYBot.ServiceDefaults.csproj", "{7C502A7D-0E6C-4CA5-8D63-2FD64A9CD85E}"
EndProject
Project("{FAE04EC0-301F-11D3-BF4B-00C04F79EFBC}") = "WHYBot.MCP", "WHYBot.MCP\WHYBot.MCP.csproj", "{6952DFA1-FEAE-4F28-A6E3-283DBEF5A68A}"
EndProject
Global
	GlobalSection(SolutionConfigurationPlatforms) = preSolution
		Debug|Any CPU = Debug|Any CPU
		Debug|x64 = Debug|x64
		Debug|x86 = Debug|x86
		Release|Any CPU = Release|Any CPU
		Release|x64 = Release|x64
		Release|x86 = Release|x86
	EndGlobalSection
	GlobalSection(ProjectConfigurationPlatforms) = postSolution
		{BB5C3AA0-423A-40D1-A8E1-A23BFC6C3D25}.Debug|Any CPU.ActiveCfg = Debug|Any CPU
		{BB5C3AA0-423A-40D1-A8E1-A23BFC6C3D25}.Debug|Any CPU.Build.0 = Debug|Any CPU
		{BB5C3AA0-423A-40D1-A8E1-A23BFC6C3D25}.Debug|x64.ActiveCfg = Debug|Any CPU
		{BB5C3AA0-423A-40D1-A8E1-A23BFC6C3D25}.Debug|x64.Build.0 = Debug|Any CPU
		{BB5C3AA0-423A-40D1-A8E1-A23BFC6C3D25}.Debug|x86.ActiveCfg = Debug|Any CPU
		{BB5C3AA0-423A-40D1-A8E1-A23BFC6C3D25}.Debug|x86.Build.0 = Debug|Any CPU
		{BB5C3AA0-423A-40D1-A8E1-A23BFC6C3D25}.Release|Any CPU.ActiveCfg = Release|Any CPU
		{BB5C3AA0-423A-40D1-A8E1-A23BFC6C3D25}.Release|Any CPU.Build.0 = Release|Any CPU
		{BB5C3AA0-423A-40D1-A8E1-A23BFC6C3D25}.Release|x64.ActiveCfg = Release|Any CPU
		{BB5C3AA0-423A-40D1-A8E1-A23BFC6C3D25}.Release|x64.Build.0 = Release|Any CPU
		{BB5C3AA0-423A-40D1-A8E1-A23BFC6C3D25}.Release|x86.ActiveCfg = Release|Any CPU
		{BB5C3AA0-423A-40D1-A8E1-A23BFC6C3D25}.Release|x86.Build.0 = Release|Any CPU
		{50279828-DAB0-4144-B99C-CDE5D73D446B}.Debug|Any CPU.ActiveCfg = Debug|Any CPU
		{50279828-DAB0-4144-B99C-CDE5D73D446B}.Debug|Any CPU.Build.0 = Debug|Any CPU
		{50279828-DAB0-4144-B99C-CDE5D73D446B}.Debug|x64.ActiveCfg = Debug|Any CPU
		{50279828-DAB0-4144-B99C-CDE5D73D446B}.Debug|x64.Build.0 = Debug|Any CPU
		{50279828-DAB0-4144-B99C-CDE5D73D446B}.Debug|x86.ActiveCfg = Debug|Any CPU
		{50279828-DAB0-4144-B99C-CDE5D73D446B}.Debug|x86.Build.0 = Debug|Any CPU
		{50279828-DAB0-4144-B99C-CDE5D73D446B}.Release|Any CPU.ActiveCfg = Release|Any CPU
		{50279828-DAB0-4144-B99C-CDE5D73D446B}.Release|Any CPU.Build.0 = Release|Any CPU
		{50279828-DAB0-4144-B99C-CDE5D73D446B}.Release|x64.ActiveCfg = Release|Any CPU
		{50279828-DAB0-4144-B99C-CDE5D73D446B}.Release|x64.Build.0 = Release|Any CPU
		{50279828-DAB0-4144-B99C-CDE5D73D446B}.Release|x86.ActiveCfg = Release|Any CPU
		{50279828-DAB0-4144-B99C-CDE5D73D446B}.Release|x86.Build.0 = Release|Any CPU
		{7C502A7D-0E6C-4CA5-8D63-2FD64A9CD85E}.Debug|Any CPU.ActiveCfg = Debug|Any CPU
		{7C502A7D-0E6C-4CA5-8D63-2FD64A9CD85E}.Debug|Any CPU.Build.0 = Debug|Any CPU
		{7C502A7D-0E6C-4CA5-8D63-2FD64A9CD85E}.Debug|x64.ActiveCfg = Debug|Any CPU
		{7C502A7D-0E6C-4CA5-8D63-2FD64A9CD85E}.Debug|x64.Build.0 = Debug|Any CPU
		{7C502A7D-0E6C-4CA5-8D63-2FD64A9CD85E}.Debug|x86.ActiveCfg = Debug|Any CPU
		{7C502A7D-0E6C-4CA5-8D63-2FD64A9CD85E}.Debug|x86.Build.0 = Debug|Any CPU
		{7C502A7D-0E6C-4CA5-8D63-2FD64A9CD85E}.Release|Any CPU.ActiveCfg = Release|Any CPU
		{7C502A7D-0E6C-4CA5-8D63-2FD64A9CD85E}.Release|Any CPU.Build.0 = Release|Any CPU
		{7C502A7D-0E6C-4CA5-8D63-2FD64A9CD85E}.Release|x64.ActiveCfg = Release|Any CPU
		{7C502A7D-0E6C-4CA5-8D63-2FD64A9CD85E}.Release|x64.Build.0 = Release|Any CPU
		{7C502A7D-0E6C-4CA5-8D63-2FD64A9CD85E}.Release|x86.ActiveCfg = Release|Any CPU
		{7C502A7D-0E6C-4CA5-8D63-2FD64A9CD85E}.Release|x86.Build.0 = Release|Any CPU
		{6952DFA1-FEAE-4F28-A6E3-283DBEF5A68A}.Debug|Any CPU.ActiveCfg = Debug|Any CPU
		{6952DFA1-FEAE-4F28-A6E3-283DBEF5A68A}.Debug|Any CPU.Build.0 = Debug|Any CPU
		{6952DFA1-FEAE-4F28-A6E3-283DBEF5A68A}.Debug|x64.ActiveCfg = Debug|Any CPU
		{6952DFA1-FEAE-4F28-A6E3-283DBEF5A68A}.Debug|x64.Build.0 = Debug|Any CPU
		{6952DFA1-FEAE-4F28-A6E3-283DBEF5A68A}.Debug|x86.ActiveCfg = Debug|Any CPU
		{6952DFA1-FEAE-4F28-A6E3-283DBEF5A68A}.Debug|x86.Build.0 = Debug|Any CPU
		{6952DFA1-FEAE-4F28-A6E3-283DBEF5A68A}.Release|Any CPU.ActiveCfg = Release|Any CPU
		{6952DFA1-FEAE-4F28-A6E3-283DBEF5A68A}.Release|Any CPU.Build.0 = Release|Any CPU
		{6952DFA1-FEAE-4F28-A6E3-283DBEF5A68A}.Release|x64.ActiveCfg = Release|Any CPU
		{6952DFA1-FEAE-4F28-A6E3-283DBEF5A68A}.Release|x64.Build.0 = Release|Any CPU
		{6952DFA1-FEAE-4F28-A6E3-283DBEF5A68A}.Release|x86.ActiveCfg = Release|Any CPU
		{6952DFA1-FEAE-4F28-A6E3-283DBEF5A68A}.Release|x86.Build.0 = Release|Any CPU
	EndGlobalSection
	GlobalSection(SolutionProperties) = preSolution
		HideSolutionNode = FALSE
	EndGlobalSection
EndGlobal
